{
  "version": 4,
  "terraform_version": "1.1.9",
  "serial": 3,
  "lineage": "dc0133f1-b473-8962-4bb9-6adcef03d992",
  "outputs": {},
  "resources": [
    {
      "mode": "managed",
      "type": "aws_s3_bucket",
      "name": "roli-s3-test",
      "provider": "provider[\"registry.terraform.io/hashicorp/aws\"]",
      "instances": [
        {
          "schema_version": 0,
          "attributes": {
            "acceleration_status": "",
            "acl": null,
            "arn": "arn:aws:s3:::roli.ste.london",
            "bucket": "roli.ste.london",
            "bucket_domain_name": "roli.ste.london.s3.amazonaws.com",
            "bucket_prefix": null,
            "bucket_regional_domain_name": "roli.ste.london.s3.eu-west-2.amazonaws.com",
            "cors_rule": [],
            "force_destroy": false,
            "grant": [
              {
                "id": "fe2759f2c873d15201869248bc83c6e8416f661bb59e4172a9e226d171d1caf5",
                "permissions": [
                  "FULL_CONTROL"
                ],
                "type": "CanonicalUser",
                "uri": ""
              }
            ],
            "hosted_zone_id": "Z3GKZC51ZF0DB4",
            "id": "roli.ste.london",
            "lifecycle_rule": [],
            "logging": [],
            "object_lock_configuration": [],
            "object_lock_enabled": false,
            "policy": "",
            "region": "eu-west-2",
            "replication_configuration": [],
            "request_payer": "BucketOwner",
            "server_side_encryption_configuration": [],
            "tags": {
              "Environment": "Dev",
              "Name": "Roli Test S3"
            },
            "tags_all": {
              "Environment": "Dev",
              "Name": "Roli Test S3"
            },
            "versioning": [
              {
                "enabled": false,
                "mfa_delete": false
              }
            ],
            "website": [],
            "website_domain": null,
            "website_endpoint": null
          },
          "sensitive_attributes": [],
          "private": "bnVsbA=="
        }
      ]
    },
    {
      "mode": "managed",
      "type": "aws_s3_bucket_acl",
      "name": "example",
      "provider": "provider[\"registry.terraform.io/hashicorp/aws\"]",
      "instances": [
        {
          "schema_version": 0,
          "attributes": {
            "access_control_policy": [
              {
                "grant": [
                  {
                    "grantee": [
                      {
                        "display_name": "",
                        "email_address": "",
                        "id": "fe2759f2c873d15201869248bc83c6e8416f661bb59e4172a9e226d171d1caf5",
                        "type": "CanonicalUser",
                        "uri": ""
                      }
                    ],
                    "permission": "FULL_CONTROL"
                  }
                ],
                "owner": [
                  {
                    "display_name": "",
                    "id": "fe2759f2c873d15201869248bc83c6e8416f661bb59e4172a9e226d171d1caf5"
                  }
                ]
              }
            ],
            "acl": "private",
            "bucket": "roli.ste.london",
            "expected_bucket_owner": "",
            "id": "roli.ste.london,private"
          },
          "sensitive_attributes": [],
          "private": "bnVsbA==",
          "dependencies": [
            "aws_s3_bucket.roli-s3-test"
          ]
        }
      ]
    }
  ]
}
